<?xml version="1.0" encoding="utf-8"?>
<Project ToolsVersion="4.0" xmlns="http://schemas.microsoft.com/developer/msbuild/2003">
  <ItemGroup>
    <Filter Include="Source Files">
      <UniqueIdentifier>{4FC737F1-C7A5-4376-A066-2A32D752A2FF}</UniqueIdentifier>
      <Extensions>cpp;c;cc;cxx;c++;cppm;ixx;def;odl;idl;hpj;bat;asm;asmx</Extensions>
    </Filter>
    <Filter Include="Header Files">
      <UniqueIdentifier>{93995380-89BD-4b04-88EB-625FBE52EBFB}</UniqueIdentifier>
      <Extensions>h;hh;hpp;hxx;h++;hm;inl;inc;ipp;xsd</Extensions>
    </Filter>
    <Filter Include="Resource Files">
      <UniqueIdentifier>{67DA6AB6-F800-4c08-8B7A-83BB121AAD01}</UniqueIdentifier>
      <Extensions>rc;ico;cur;bmp;dlg;rc2;rct;bin;rgs;gif;jpg;jpeg;jpe;resx;tiff;tif;png;wav;mfcribbon-ms</Extensions>
    </Filter>
  </ItemGroup>
  <ItemGroup>
    <ClCompile Include="main.cpp">
      <Filter>Source Files</Filter>
    </ClCompile>
    <ClCompile Include="day_01\day_01.cpp">
      <Filter>Source Files</Filter>
    </ClCompile>
    <ClCompile Include="day_02\day_02.cpp">
      <Filter>Source Files</Filter>
    </ClCompile>
    <ClCompile Include="day_03\day_03.cpp">
      <Filter>Source Files</Filter>
    </ClCompile>
    <ClCompile Include="day_04\day_04.cpp">
      <Filter>Source Files</Filter>
    </ClCompile>
    <ClCompile Include="day_05\day_05.cpp">
      <Filter>Source Files</Filter>
    </ClCompile>
    <ClCompile Include="day_06\day_06.cpp">
      <Filter>Source Files</Filter>
    </ClCompile>
    <ClCompile Include="day_08\day_08.cpp">
      <Filter>Source Files</Filter>
    </ClCompile>
    <ClCompile Include="day_07\day_07.cpp">
      <Filter>Source Files</Filter>
    </ClCompile>
    <ClCompile Include="day_09\day_09.cpp">
      <Filter>Source Files</Filter>
    </ClCompile>
    <ClCompile Include="day_10\day_10.cpp">
      <Filter>Source Files</Filter>
    </ClCompile>
    <ClCompile Include="day_11\day_11.cpp">
      <Filter>Source Files</Filter>
    </ClCompile>
    <ClCompile Include="day_12\day_12.cpp">
      <Filter>Source Files</Filter>
    </ClCompile>
    <ClCompile Include="day_13\day_13.cpp">
      <Filter>Source Files</Filter>
    </ClCompile>
    <ClCompile Include="day_14\day_14.cpp">
      <Filter>Source Files</Filter>
    </ClCompile>
    <ClCompile Include="day_15\day_15.cpp">
      <Filter>Source Files</Filter>
    </ClCompile>
    <ClCompile Include="day_16\day_16.cpp">
      <Filter>Source Files</Filter>
    </ClCompile>
    <ClCompile Include="day_17\day_17.cpp">
      <Filter>Source Files</Filter>
    </ClCompile>
    <ClCompile Include="day_18\day_18.cpp">
      <Filter>Source Files</Filter>
    </ClCompile>
    <ClCompile Include="day_20\day_20.cpp">
      <Filter>Source Files</Filter>
    </ClCompile>
    <ClCompile Include="day_21\day_21.cpp">
      <Filter>Source Files</Filter>
    </ClCompile>
    <ClCompile Include="day_22\day_22.cpp">
      <Filter>Source Files</Filter>
    </ClCompile>
    <ClCompile Include="day_23\day_23.cpp">
      <Filter>Source Files</Filter>
    </ClCompile>
    <ClCompile Include="day_24\day_24.cpp">
      <Filter>Source Files</Filter>
    </ClCompile>
    <ClCompile Include="day_25\day_25.cpp">
      <Filter>Source Files</Filter>
    </ClCompile>
    <ClCompile Include="day_19\day_19.cpp">
      <Filter>Source Files</Filter>
    </ClCompile>
  </ItemGroup>
  <ItemGroup>
    <ClInclude Include="day_01\day_01.h">
      <Filter>Header Files</Filter>
    </ClInclude>
    <ClInclude Include="day_02\day_02.h">
      <Filter>Header Files</Filter>
    </ClInclude>
    <ClInclude Include="day_03\day_03.h">
      <Filter>Header Files</Filter>
    </ClInclude>
    <ClInclude Include="day_04\day_04.h">
      <Filter>Header Files</Filter>
    </ClInclude>
    <ClInclude Include="day_05\day_05.h">
      <Filter>Header Files</Filter>
    </ClInclude>
    <ClInclude Include="day_06\day_06.h">
      <Filter>Header Files</Filter>
    </ClInclude>
    <ClInclude Include="day_08\day_08.h">
      <Filter>Header Files</Filter>
    </ClInclude>
    <ClInclude Include="day_07\day_07.h">
      <Filter>Header Files</Filter>
    </ClInclude>
    <ClInclude Include="day_09\day_09.h">
      <Filter>Header Files</Filter>
    </ClInclude>
    <ClInclude Include="day_10\day_10.h">
      <Filter>Header Files</Filter>
    </ClInclude>
    <ClInclude Include="day_11\day_11.h">
      <Filter>Header Files</Filter>
    </ClInclude>
    <ClInclude Include="day_12\day_12.h">
      <Filter>Header Files</Filter>
    </ClInclude>
    <ClInclude Include="day_13\day_13.h">
      <Filter>Header Files</Filter>
    </ClInclude>
    <ClInclude Include="day_14\day_14.h">
      <Filter>Header Files</Filter>
    </ClInclude>
    <ClInclude Include="day_15\day_15.h">
      <Filter>Header Files</Filter>
    </ClInclude>
    <ClInclude Include="day_16\day_16.h">
      <Filter>Header Files</Filter>
    </ClInclude>
    <ClInclude Include="day_17\day_17.h">
      <Filter>Header Files</Filter>
    </ClInclude>
    <ClInclude Include="day_18\day_18.h">
      <Filter>Header Files</Filter>
    </ClInclude>
    <ClInclude Include="day_19\day_19.h">
      <Filter>Header Files</Filter>
    </ClInclude>
    <ClInclude Include="day_20\day_20.h">
      <Filter>Header Files</Filter>
    </ClInclude>
    <ClInclude Include="day_21\day_21.h">
      <Filter>Header Files</Filter>
    </ClInclude>
    <ClInclude Include="day_22\day_22.h">
      <Filter>Header Files</Filter>
    </ClInclude>
    <ClInclude Include="day_23\day_23.h">
      <Filter>Header Files</Filter>
    </ClInclude>
    <ClInclude Include="day_24\day_24.h">
      <Filter>Header Files</Filter>
    </ClInclude>
    <ClInclude Include="day_25\day_25.h">
      <Filter>Header Files</Filter>
    </ClInclude>
  </ItemGroup>
  <ItemGroup>
    <Text Include="day_01\input.txt" />
    <Text Include="day_01\test.txt" />
    <Text Include="day_01\test2.txt" />
    <Text Include="day_02\test.txt" />
    <Text Include="day_02\input.txt" />
    <Text Include="day_03\test.txt" />
    <Text Include="day_03\input.txt" />
    <Text Include="day_04\test.txt" />
    <Text Include="day_04\input.txt" />
    <Text Include="day_05\input.txt" />
    <Text Include="day_05\test.txt" />
    <Text Include="day_07\test.txt" />
    <Text Include="day_07\input.txt" />
    <Text Include="day_08\testa.txt" />
    <Text Include="day_08\testb.txt" />
    <Text Include="day_08\input.txt" />
    <Text Include="day_08\testc.txt" />
    <Text Include="day_09\test.txt" />
    <Text Include="day_09\input.txt" />
    <Text Include="day_10\input.txt" />
    <Text Include="day_10\testa.txt" />
    <Text Include="day_10\testb.txt" />
    <Text Include="day_10\test_loop.txt" />
    <Text Include="day_10\test_sloop.txt" />
    <Text Include="day_10\testc.txt" />
    <Text Include="day_10\testd.txt" />
    <Text Include="day_10\teste.txt" />
    <Text Include="day_10\doug_input.txt" />
  </ItemGroup>
</Project>