
Microsoft Visual Studio Solution File, Format Version 12.00
# Visual Studio Version 17
VisualStudioVersion = 17.7.34221.43
MinimumVisualStudioVersion = 10.0.40219.1
Project("{8BC9CEB8-8B4A-11D0-8D11-00A0C91BC942}") = "AoCLibrary", "AoCLibrary\AoCLibrary.vcxproj", "{AD485531-7AE4-4E82-8817-52C19841B578}"
EndProject
Project("{8BC9CEB8-8B4A-11D0-8D11-00A0C91BC942}") = "aoc_template", "aoc_template\aoc_template.vcxproj", "{54EC38C7-01C2-42E6-AAA5-372E4630BA44}"
EndProject
Project("{8BC9CEB8-8B4A-11D0-8D11-00A0C91BC942}") = "2019", "2019\2019.vcxproj", "{25F81CB6-790C-485D-83B1-A5EB8EEBACC3}"
EndProject
Project("{8BC9CEB8-8B4A-11D0-8D11-00A0C91BC942}") = "2015", "2015\2015.vcxproj", "{9CBF6456-F684-4D00-88CC-9C434A67579A}"
EndProject
Project("{8BC9CEB8-8B4A-11D0-8D11-00A0C91BC942}") = "2023", "2023\2023.vcxproj", "{B53B964E-1001-4A07-84D4-181D78FEFEE8}"
EndProject
Project("{8BC9CEB8-8B4A-11D0-8D11-00A0C91BC942}") = "test_2023", "_tests\test_2023\test_2023.vcxproj", "{B467C8FA-CB54-4C21-B9FE-A2812CF8E0C1}"
EndProject
Project("{8BC9CEB8-8B4A-11D0-8D11-00A0C91BC942}") = "test_2019", "_tests\test_2019\test_2019.vcxproj", "{2DC429FE-BF40-420C-B06C-47DCED56AC3F}"
EndProject
Project("{8BC9CEB8-8B4A-11D0-8D11-00A0C91BC942}") = "test_library", "_tests\test_library\test_library.vcxproj", "{11900754-CB30-4737-A120-B66FC1D6F580}"
EndProject
Project("{2150E333-8FDC-42A3-9474-1A3956D46DE8}") = "2024", "2024", "{8A2CAB78-B8CD-4F60-9CD7-231B07E30206}"
EndProject
Project("{8BC9CEB8-8B4A-11D0-8D11-00A0C91BC942}") = "day01", "src\2024\day01\day01.vcxproj", "{43BBC606-4F5D-4A08-9DB2-52B60CB0BCA3}"
EndProject
Global
	GlobalSection(SolutionConfigurationPlatforms) = preSolution
		Debug|x64 = Debug|x64
		Debug|x86 = Debug|x86
		Release|x64 = Release|x64
		Release|x86 = Release|x86
	EndGlobalSection
	GlobalSection(ProjectConfigurationPlatforms) = postSolution
		{AD485531-7AE4-4E82-8817-52C19841B578}.Debug|x64.ActiveCfg = Debug|x64
		{AD485531-7AE4-4E82-8817-52C19841B578}.Debug|x64.Build.0 = Debug|x64
		{AD485531-7AE4-4E82-8817-52C19841B578}.Debug|x86.ActiveCfg = Debug|Win32
		{AD485531-7AE4-4E82-8817-52C19841B578}.Debug|x86.Build.0 = Debug|Win32
		{AD485531-7AE4-4E82-8817-52C19841B578}.Release|x64.ActiveCfg = Release|x64
		{AD485531-7AE4-4E82-8817-52C19841B578}.Release|x64.Build.0 = Release|x64
		{AD485531-7AE4-4E82-8817-52C19841B578}.Release|x86.ActiveCfg = Release|Win32
		{AD485531-7AE4-4E82-8817-52C19841B578}.Release|x86.Build.0 = Release|Win32
		{54EC38C7-01C2-42E6-AAA5-372E4630BA44}.Debug|x64.ActiveCfg = Debug|x64
		{54EC38C7-01C2-42E6-AAA5-372E4630BA44}.Debug|x64.Build.0 = Debug|x64
		{54EC38C7-01C2-42E6-AAA5-372E4630BA44}.Debug|x86.ActiveCfg = Debug|Win32
		{54EC38C7-01C2-42E6-AAA5-372E4630BA44}.Debug|x86.Build.0 = Debug|Win32
		{54EC38C7-01C2-42E6-AAA5-372E4630BA44}.Release|x64.ActiveCfg = Release|x64
		{54EC38C7-01C2-42E6-AAA5-372E4630BA44}.Release|x64.Build.0 = Release|x64
		{54EC38C7-01C2-42E6-AAA5-372E4630BA44}.Release|x86.ActiveCfg = Release|Win32
		{54EC38C7-01C2-42E6-AAA5-372E4630BA44}.Release|x86.Build.0 = Release|Win32
		{25F81CB6-790C-485D-83B1-A5EB8EEBACC3}.Debug|x64.ActiveCfg = Debug|x64
		{25F81CB6-790C-485D-83B1-A5EB8EEBACC3}.Debug|x64.Build.0 = Debug|x64
		{25F81CB6-790C-485D-83B1-A5EB8EEBACC3}.Debug|x86.ActiveCfg = Debug|Win32
		{25F81CB6-790C-485D-83B1-A5EB8EEBACC3}.Debug|x86.Build.0 = Debug|Win32
		{25F81CB6-790C-485D-83B1-A5EB8EEBACC3}.Release|x64.ActiveCfg = Release|x64
		{25F81CB6-790C-485D-83B1-A5EB8EEBACC3}.Release|x64.Build.0 = Release|x64
		{25F81CB6-790C-485D-83B1-A5EB8EEBACC3}.Release|x86.ActiveCfg = Release|Win32
		{25F81CB6-790C-485D-83B1-A5EB8EEBACC3}.Release|x86.Build.0 = Release|Win32
		{9CBF6456-F684-4D00-88CC-9C434A67579A}.Debug|x64.ActiveCfg = Debug|x64
		{9CBF6456-F684-4D00-88CC-9C434A67579A}.Debug|x64.Build.0 = Debug|x64
		{9CBF6456-F684-4D00-88CC-9C434A67579A}.Debug|x86.ActiveCfg = Debug|Win32
		{9CBF6456-F684-4D00-88CC-9C434A67579A}.Debug|x86.Build.0 = Debug|Win32
		{9CBF6456-F684-4D00-88CC-9C434A67579A}.Release|x64.ActiveCfg = Release|x64
		{9CBF6456-F684-4D00-88CC-9C434A67579A}.Release|x64.Build.0 = Release|x64
		{9CBF6456-F684-4D00-88CC-9C434A67579A}.Release|x86.ActiveCfg = Release|Win32
		{9CBF6456-F684-4D00-88CC-9C434A67579A}.Release|x86.Build.0 = Release|Win32
		{B53B964E-1001-4A07-84D4-181D78FEFEE8}.Debug|x64.ActiveCfg = Debug|x64
		{B53B964E-1001-4A07-84D4-181D78FEFEE8}.Debug|x64.Build.0 = Debug|x64
		{B53B964E-1001-4A07-84D4-181D78FEFEE8}.Debug|x86.ActiveCfg = Debug|Win32
		{B53B964E-1001-4A07-84D4-181D78FEFEE8}.Debug|x86.Build.0 = Debug|Win32
		{B53B964E-1001-4A07-84D4-181D78FEFEE8}.Release|x64.ActiveCfg = Release|x64
		{B53B964E-1001-4A07-84D4-181D78FEFEE8}.Release|x64.Build.0 = Release|x64
		{B53B964E-1001-4A07-84D4-181D78FEFEE8}.Release|x86.ActiveCfg = Release|Win32
		{B53B964E-1001-4A07-84D4-181D78FEFEE8}.Release|x86.Build.0 = Release|Win32
		{B467C8FA-CB54-4C21-B9FE-A2812CF8E0C1}.Debug|x64.ActiveCfg = Debug|x64
		{B467C8FA-CB54-4C21-B9FE-A2812CF8E0C1}.Debug|x64.Build.0 = Debug|x64
		{B467C8FA-CB54-4C21-B9FE-A2812CF8E0C1}.Debug|x86.ActiveCfg = Debug|Win32
		{B467C8FA-CB54-4C21-B9FE-A2812CF8E0C1}.Debug|x86.Build.0 = Debug|Win32
		{B467C8FA-CB54-4C21-B9FE-A2812CF8E0C1}.Release|x64.ActiveCfg = Release|x64
		{B467C8FA-CB54-4C21-B9FE-A2812CF8E0C1}.Release|x64.Build.0 = Release|x64
		{B467C8FA-CB54-4C21-B9FE-A2812CF8E0C1}.Release|x86.ActiveCfg = Release|Win32
		{B467C8FA-CB54-4C21-B9FE-A2812CF8E0C1}.Release|x86.Build.0 = Release|Win32
		{2DC429FE-BF40-420C-B06C-47DCED56AC3F}.Debug|x64.ActiveCfg = Debug|x64
		{2DC429FE-BF40-420C-B06C-47DCED56AC3F}.Debug|x64.Build.0 = Debug|x64
		{2DC429FE-BF40-420C-B06C-47DCED56AC3F}.Debug|x86.ActiveCfg = Debug|Win32
		{2DC429FE-BF40-420C-B06C-47DCED56AC3F}.Debug|x86.Build.0 = Debug|Win32
		{2DC429FE-BF40-420C-B06C-47DCED56AC3F}.Release|x64.ActiveCfg = Release|x64
		{2DC429FE-BF40-420C-B06C-47DCED56AC3F}.Release|x64.Build.0 = Release|x64
		{2DC429FE-BF40-420C-B06C-47DCED56AC3F}.Release|x86.ActiveCfg = Release|Win32
		{2DC429FE-BF40-420C-B06C-47DCED56AC3F}.Release|x86.Build.0 = Release|Win32
		{11900754-CB30-4737-A120-B66FC1D6F580}.Debug|x64.ActiveCfg = Debug|x64
		{11900754-CB30-4737-A120-B66FC1D6F580}.Debug|x64.Build.0 = Debug|x64
		{11900754-CB30-4737-A120-B66FC1D6F580}.Debug|x86.ActiveCfg = Debug|Win32
		{11900754-CB30-4737-A120-B66FC1D6F580}.Debug|x86.Build.0 = Debug|Win32
		{11900754-CB30-4737-A120-B66FC1D6F580}.Release|x64.ActiveCfg = Release|x64
		{11900754-CB30-4737-A120-B66FC1D6F580}.Release|x64.Build.0 = Release|x64
		{11900754-CB30-4737-A120-B66FC1D6F580}.Release|x86.ActiveCfg = Release|Win32
		{11900754-CB30-4737-A120-B66FC1D6F580}.Release|x86.Build.0 = Release|Win32
		{43BBC606-4F5D-4A08-9DB2-52B60CB0BCA3}.Debug|x64.ActiveCfg = Debug|x64
		{43BBC606-4F5D-4A08-9DB2-52B60CB0BCA3}.Debug|x64.Build.0 = Debug|x64
		{43BBC606-4F5D-4A08-9DB2-52B60CB0BCA3}.Debug|x86.ActiveCfg = Debug|Win32
		{43BBC606-4F5D-4A08-9DB2-52B60CB0BCA3}.Debug|x86.Build.0 = Debug|Win32
		{43BBC606-4F5D-4A08-9DB2-52B60CB0BCA3}.Release|x64.ActiveCfg = Release|x64
		{43BBC606-4F5D-4A08-9DB2-52B60CB0BCA3}.Release|x64.Build.0 = Release|x64
		{43BBC606-4F5D-4A08-9DB2-52B60CB0BCA3}.Release|x86.ActiveCfg = Release|Win32
		{43BBC606-4F5D-4A08-9DB2-52B60CB0BCA3}.Release|x86.Build.0 = Release|Win32
	EndGlobalSection
	GlobalSection(SolutionProperties) = preSolution
		HideSolutionNode = FALSE
	EndGlobalSection
	GlobalSection(NestedProjects) = preSolution
		{43BBC606-4F5D-4A08-9DB2-52B60CB0BCA3} = {8A2CAB78-B8CD-4F60-9CD7-231B07E30206}
	EndGlobalSection
	GlobalSection(ExtensibilityGlobals) = postSolution
		SolutionGuid = {BAE7361E-E909-49A6-92BA-8056B4203DAD}
	EndGlobalSection
EndGlobal
